
Microsoft Visual Studio Solution File, Format Version 12.00
# Visual Studio Version 17
VisualStudioVersion = 17.14.36511.14
MinimumVisualStudioVersion = 10.0.40219.1
Project("{FAE04EC0-301F-11D3-BF4B-00C04F79EFBC}") = "MyCMS.WebSite", "MyCMS.WebSite\MyCMS.WebSite.csproj", "{3CE22EE9-775C-47A0-B5CF-18A2602A0AE9}"
EndProject
Project("{2150E333-8FDC-42A3-9474-1A3956D46DE8}") = "doc", "doc", "{02EA681E-C7D8-13C7-8484-4AC65E1B71E8}"
EndProject
Project("{2150E333-8FDC-42A3-9474-1A3956D46DE8}") = "src", "src", "{B710EBF4-48C6-43C0-941E-E8738AD35A57}"
EndProject
Project("{2150E333-8FDC-42A3-9474-1A3956D46DE8}") = "Core", "Core", "{C8B49F5A-3CA7-4D3A-8945-ADACC9235918}"
EndProject
Project("{2150E333-8FDC-42A3-9474-1A3956D46DE8}") = "Presentation", "Presentation", "{83A9A173-782E-4E22-B1B9-06A55A941743}"
EndProject
Project("{2150E333-8FDC-42A3-9474-1A3956D46DE8}") = "Infrastructure", "Infrastructure", "{721C09FF-AC20-4B43-8B0A-9021ED702B31}"
EndProject
Project("{2150E333-8FDC-42A3-9474-1A3956D46DE8}") = "Framework", "Framework", "{04CC33C8-C9AE-47A7-8AA7-327374C38BC5}"
EndProject
Project("{2150E333-8FDC-42A3-9474-1A3956D46DE8}") = "Test", "Test", "{E7F05C13-5EA6-4689-AAE8-7DF0529A56B9}"
EndProject
Project("{FAE04EC0-301F-11D3-BF4B-00C04F79EFBC}") = "MyCMS.Application", "MyCMS.Application\MyCMS.Application.csproj", "{8E7CC592-B9CE-4CF3-B795-383BEFE4DEEC}"
EndProject
Project("{FAE04EC0-301F-11D3-BF4B-00C04F79EFBC}") = "MyCMS.DataLayer", "MyCMS.DataLayer\MyCMS.DataLayer.csproj", "{981DF4FB-41F7-4F04-BEEF-1FCD91911ED4}"
EndProject
Global
	GlobalSection(SolutionConfigurationPlatforms) = preSolution
		Debug|Any CPU = Debug|Any CPU
		Release|Any CPU = Release|Any CPU
	EndGlobalSection
	GlobalSection(ProjectConfigurationPlatforms) = postSolution
		{3CE22EE9-775C-47A0-B5CF-18A2602A0AE9}.Debug|Any CPU.ActiveCfg = Debug|Any CPU
		{3CE22EE9-775C-47A0-B5CF-18A2602A0AE9}.Debug|Any CPU.Build.0 = Debug|Any CPU
		{3CE22EE9-775C-47A0-B5CF-18A2602A0AE9}.Release|Any CPU.ActiveCfg = Release|Any CPU
		{3CE22EE9-775C-47A0-B5CF-18A2602A0AE9}.Release|Any CPU.Build.0 = Release|Any CPU
		{8E7CC592-B9CE-4CF3-B795-383BEFE4DEEC}.Debug|Any CPU.ActiveCfg = Debug|Any CPU
		{8E7CC592-B9CE-4CF3-B795-383BEFE4DEEC}.Debug|Any CPU.Build.0 = Debug|Any CPU
		{8E7CC592-B9CE-4CF3-B795-383BEFE4DEEC}.Release|Any CPU.ActiveCfg = Release|Any CPU
		{8E7CC592-B9CE-4CF3-B795-383BEFE4DEEC}.Release|Any CPU.Build.0 = Release|Any CPU
		{981DF4FB-41F7-4F04-BEEF-1FCD91911ED4}.Debug|Any CPU.ActiveCfg = Debug|Any CPU
		{981DF4FB-41F7-4F04-BEEF-1FCD91911ED4}.Debug|Any CPU.Build.0 = Debug|Any CPU
		{981DF4FB-41F7-4F04-BEEF-1FCD91911ED4}.Release|Any CPU.ActiveCfg = Release|Any CPU
		{981DF4FB-41F7-4F04-BEEF-1FCD91911ED4}.Release|Any CPU.Build.0 = Release|Any CPU
	EndGlobalSection
	GlobalSection(SolutionProperties) = preSolution
		HideSolutionNode = FALSE
	EndGlobalSection
	GlobalSection(NestedProjects) = preSolution
		{3CE22EE9-775C-47A0-B5CF-18A2602A0AE9} = {83A9A173-782E-4E22-B1B9-06A55A941743}
		{C8B49F5A-3CA7-4D3A-8945-ADACC9235918} = {B710EBF4-48C6-43C0-941E-E8738AD35A57}
		{83A9A173-782E-4E22-B1B9-06A55A941743} = {B710EBF4-48C6-43C0-941E-E8738AD35A57}
		{721C09FF-AC20-4B43-8B0A-9021ED702B31} = {B710EBF4-48C6-43C0-941E-E8738AD35A57}
		{04CC33C8-C9AE-47A7-8AA7-327374C38BC5} = {B710EBF4-48C6-43C0-941E-E8738AD35A57}
		{8E7CC592-B9CE-4CF3-B795-383BEFE4DEEC} = {C8B49F5A-3CA7-4D3A-8945-ADACC9235918}
		{981DF4FB-41F7-4F04-BEEF-1FCD91911ED4} = {C8B49F5A-3CA7-4D3A-8945-ADACC9235918}
	EndGlobalSection
	GlobalSection(ExtensibilityGlobals) = postSolution
		SolutionGuid = {66733E31-43B4-448B-ADED-D57C5887F4AE}
	EndGlobalSection
EndGlobal
